
Microsoft Visual Studio Solution File, Format Version 12.00
# Visual Studio Version 16
VisualStudioVersion = 16.0.30011.22
MinimumVisualStudioVersion = 10.0.40219.1
Project("{9A19103F-16F7-4668-BE54-9A1E7A4F7556}") = "FireQueue.Core", "FireQueue.Core\FireQueue.Core.csproj", "{42A47672-8C3A-4657-B283-ADBB22573897}"
EndProject
Project("{9A19103F-16F7-4668-BE54-9A1E7A4F7556}") = "FireQueue.Sample", "FireQueue.Sample\FireQueue.Sample.csproj", "{AD31245E-60DD-4EA3-B143-416B0F938CA4}"
EndProject
Global
	GlobalSection(SolutionConfigurationPlatforms) = preSolution
		Debug|Any CPU = Debug|Any CPU
		Release|Any CPU = Release|Any CPU
	EndGlobalSection
	GlobalSection(ProjectConfigurationPlatforms) = postSolution
		{42A47672-8C3A-4657-B283-ADBB22573897}.Debug|Any CPU.ActiveCfg = Debug|Any CPU
		{42A47672-8C3A-4657-B283-ADBB22573897}.Debug|Any CPU.Build.0 = Debug|Any CPU
		{42A47672-8C3A-4657-B283-ADBB22573897}.Release|Any CPU.ActiveCfg = Release|Any CPU
		{42A47672-8C3A-4657-B283-ADBB22573897}.Release|Any CPU.Build.0 = Release|Any CPU
		{AD31245E-60DD-4EA3-B143-416B0F938CA4}.Debug|Any CPU.ActiveCfg = Debug|Any CPU
		{AD31245E-60DD-4EA3-B143-416B0F938CA4}.Debug|Any CPU.Build.0 = Debug|Any CPU
		{AD31245E-60DD-4EA3-B143-416B0F938CA4}.Release|Any CPU.ActiveCfg = Release|Any CPU
		{AD31245E-60DD-4EA3-B143-416B0F938CA4}.Release|Any CPU.Build.0 = Release|Any CPU
	EndGlobalSection
	GlobalSection(SolutionProperties) = preSolution
		HideSolutionNode = FALSE
	EndGlobalSection
	GlobalSection(ExtensibilityGlobals) = postSolution
		SolutionGuid = {C50EC422-1D2F-4160-94B1-5366D6EE6E7C}
	EndGlobalSection
EndGlobal
